// !$*UTF8*$!
{
	archiveVersion = 1;
	classes = {
	};
	objectVersion = 56;
	objects = {

/* Begin PBXBuildFile section */
		E1303A922A8BC72A0055A37C /* VoicySampleApp.swift in Sources */ = {isa = PBXBuildFile; fileRef = E1303A912A8BC72A0055A37C /* VoicySampleApp.swift */; };
		E1303A942A8BC72A0055A37C /* ContentView.swift in Sources */ = {isa = PBXBuildFile; fileRef = E1303A932A8BC72A0055A37C /* ContentView.swift */; };
		E1303A962A8BC72B0055A37C /* Assets.xcassets in Resources */ = {isa = PBXBuildFile; fileRef = E1303A952A8BC72B0055A37C /* Assets.xcassets */; };
		E1303A992A8BC72B0055A37C /* Preview Assets.xcassets in Resources */ = {isa = PBXBuildFile; fileRef = E1303A982A8BC72B0055A37C /* Preview Assets.xcassets */; };
		E1303AA32A8BC72B0055A37C /* VoicySampleTests.swift in Sources */ = {isa = PBXBuildFile; fileRef = E1303AA22A8BC72B0055A37C /* VoicySampleTests.swift */; };
		E1303AAD2A8BC72B0055A37C /* VoicySampleUITests.swift in Sources */ = {isa = PBXBuildFile; fileRef = E1303AAC2A8BC72B0055A37C /* VoicySampleUITests.swift */; };
		E1303AAF2A8BC72B0055A37C /* VoicySampleUITestsLaunchTests.swift in Sources */ = {isa = PBXBuildFile; fileRef = E1303AAE2A8BC72B0055A37C /* VoicySampleUITestsLaunchTests.swift */; };
		E1303ABF2A8BC8140055A37C /* AuthView.swift in Sources */ = {isa = PBXBuildFile; fileRef = E1303ABE2A8BC8140055A37C /* AuthView.swift */; };
		E1303AC12A8BC8440055A37C /* AuthPresenter.swift in Sources */ = {isa = PBXBuildFile; fileRef = E1303AC02A8BC8440055A37C /* AuthPresenter.swift */; };
		E1303AC32A8BC8570055A37C /* AuthInteractor.swift in Sources */ = {isa = PBXBuildFile; fileRef = E1303AC22A8BC8570055A37C /* AuthInteractor.swift */; };
		E1303AC52A8BC8670055A37C /* AuthContract.swift in Sources */ = {isa = PBXBuildFile; fileRef = E1303AC42A8BC8670055A37C /* AuthContract.swift */; };
		E1303AC72A8BC8770055A37C /* AuthRouter.swift in Sources */ = {isa = PBXBuildFile; fileRef = E1303AC62A8BC8770055A37C /* AuthRouter.swift */; };
		E1303AC92A8BC8890055A37C /* AuthEntity.swift in Sources */ = {isa = PBXBuildFile; fileRef = E1303AC82A8BC8890055A37C /* AuthEntity.swift */; };
		E1303ACC2A8BCB590055A37C /* ImageAssets.xcassets in Resources */ = {isa = PBXBuildFile; fileRef = E1303ACB2A8BCB590055A37C /* ImageAssets.xcassets */; };
		E1303ACF2A8BCB730055A37C /* ColorAssets.xcassets in Resources */ = {isa = PBXBuildFile; fileRef = E1303ACE2A8BCB730055A37C /* ColorAssets.xcassets */; };
		E1303AD42A8BCF980055A37C /* AuthButtonView.swift in Sources */ = {isa = PBXBuildFile; fileRef = E1303AD32A8BCF980055A37C /* AuthButtonView.swift */; };
		E1303AD72A8CD39A0055A37C /* Localizable.strings in Resources */ = {isa = PBXBuildFile; fileRef = E1303AD62A8CD39A0055A37C /* Localizable.strings */; };
		E1303ADB2A8CD42C0055A37C /* Localizable.swift in Sources */ = {isa = PBXBuildFile; fileRef = E1303ADA2A8CD42C0055A37C /* Localizable.swift */; };
/* End PBXBuildFile section */

/* Begin PBXContainerItemProxy section */
		E1303A9F2A8BC72B0055A37C /* PBXContainerItemProxy */ = {
			isa = PBXContainerItemProxy;
			containerPortal = E1303A862A8BC72A0055A37C /* Project object */;
			proxyType = 1;
			remoteGlobalIDString = E1303A8D2A8BC72A0055A37C;
			remoteInfo = VoicySample;
		};
		E1303AA92A8BC72B0055A37C /* PBXContainerItemProxy */ = {
			isa = PBXContainerItemProxy;
			containerPortal = E1303A862A8BC72A0055A37C /* Project object */;
			proxyType = 1;
			remoteGlobalIDString = E1303A8D2A8BC72A0055A37C;
			remoteInfo = VoicySample;
		};
/* End PBXContainerItemProxy section */

/* Begin PBXFileReference section */
		E1303A8E2A8BC72A0055A37C /* VoicySample.app */ = {isa = PBXFileReference; explicitFileType = wrapper.application; includeInIndex = 0; path = VoicySample.app; sourceTree = BUILT_PRODUCTS_DIR; };
		E1303A912A8BC72A0055A37C /* VoicySampleApp.swift */ = {isa = PBXFileReference; lastKnownFileType = sourcecode.swift; path = VoicySampleApp.swift; sourceTree = "<group>"; };
		E1303A932A8BC72A0055A37C /* ContentView.swift */ = {isa = PBXFileReference; lastKnownFileType = sourcecode.swift; path = ContentView.swift; sourceTree = "<group>"; };
		E1303A952A8BC72B0055A37C /* Assets.xcassets */ = {isa = PBXFileReference; lastKnownFileType = folder.assetcatalog; path = Assets.xcassets; sourceTree = "<group>"; };
		E1303A982A8BC72B0055A37C /* Preview Assets.xcassets */ = {isa = PBXFileReference; lastKnownFileType = folder.assetcatalog; path = "Preview Assets.xcassets"; sourceTree = "<group>"; };
		E1303A9E2A8BC72B0055A37C /* VoicySampleTests.xctest */ = {isa = PBXFileReference; explicitFileType = wrapper.cfbundle; includeInIndex = 0; path = VoicySampleTests.xctest; sourceTree = BUILT_PRODUCTS_DIR; };
		E1303AA22A8BC72B0055A37C /* VoicySampleTests.swift */ = {isa = PBXFileReference; lastKnownFileType = sourcecode.swift; path = VoicySampleTests.swift; sourceTree = "<group>"; };
		E1303AA82A8BC72B0055A37C /* VoicySampleUITests.xctest */ = {isa = PBXFileReference; explicitFileType = wrapper.cfbundle; includeInIndex = 0; path = VoicySampleUITests.xctest; sourceTree = BUILT_PRODUCTS_DIR; };
		E1303AAC2A8BC72B0055A37C /* VoicySampleUITests.swift */ = {isa = PBXFileReference; lastKnownFileType = sourcecode.swift; path = VoicySampleUITests.swift; sourceTree = "<group>"; };
		E1303AAE2A8BC72B0055A37C /* VoicySampleUITestsLaunchTests.swift */ = {isa = PBXFileReference; lastKnownFileType = sourcecode.swift; path = VoicySampleUITestsLaunchTests.swift; sourceTree = "<group>"; };
		E1303ABE2A8BC8140055A37C /* AuthView.swift */ = {isa = PBXFileReference; lastKnownFileType = sourcecode.swift; path = AuthView.swift; sourceTree = "<group>"; };
		E1303AC02A8BC8440055A37C /* AuthPresenter.swift */ = {isa = PBXFileReference; lastKnownFileType = sourcecode.swift; path = AuthPresenter.swift; sourceTree = "<group>"; };
		E1303AC22A8BC8570055A37C /* AuthInteractor.swift */ = {isa = PBXFileReference; lastKnownFileType = sourcecode.swift; path = AuthInteractor.swift; sourceTree = "<group>"; };
		E1303AC42A8BC8670055A37C /* AuthContract.swift */ = {isa = PBXFileReference; lastKnownFileType = sourcecode.swift; path = AuthContract.swift; sourceTree = "<group>"; };
		E1303AC62A8BC8770055A37C /* AuthRouter.swift */ = {isa = PBXFileReference; lastKnownFileType = sourcecode.swift; path = AuthRouter.swift; sourceTree = "<group>"; };
		E1303AC82A8BC8890055A37C /* AuthEntity.swift */ = {isa = PBXFileReference; lastKnownFileType = sourcecode.swift; path = AuthEntity.swift; sourceTree = "<group>"; };
		E1303ACB2A8BCB590055A37C /* ImageAssets.xcassets */ = {isa = PBXFileReference; lastKnownFileType = folder.assetcatalog; path = ImageAssets.xcassets; sourceTree = "<group>"; };
		E1303ACE2A8BCB730055A37C /* ColorAssets.xcassets */ = {isa = PBXFileReference; lastKnownFileType = folder.assetcatalog; path = ColorAssets.xcassets; sourceTree = "<group>"; };
		E1303AD32A8BCF980055A37C /* AuthButtonView.swift */ = {isa = PBXFileReference; lastKnownFileType = sourcecode.swift; path = AuthButtonView.swift; sourceTree = "<group>"; };
		E1303AD62A8CD39A0055A37C /* Localizable.strings */ = {isa = PBXFileReference; lastKnownFileType = text.plist.strings; path = Localizable.strings; sourceTree = "<group>"; };
		E1303ADA2A8CD42C0055A37C /* Localizable.swift */ = {isa = PBXFileReference; lastKnownFileType = sourcecode.swift; path = Localizable.swift; sourceTree = "<group>"; };
/* End PBXFileReference section */

/* Begin PBXFrameworksBuildPhase section */
		E1303A8B2A8BC72A0055A37C /* Frameworks */ = {
			isa = PBXFrameworksBuildPhase;
			buildActionMask = 2147483647;
			files = (
			);
			runOnlyForDeploymentPostprocessing = 0;
		};
		E1303A9B2A8BC72B0055A37C /* Frameworks */ = {
			isa = PBXFrameworksBuildPhase;
			buildActionMask = 2147483647;
			files = (
			);
			runOnlyForDeploymentPostprocessing = 0;
		};
		E1303AA52A8BC72B0055A37C /* Frameworks */ = {
			isa = PBXFrameworksBuildPhase;
			buildActionMask = 2147483647;
			files = (
			);
			runOnlyForDeploymentPostprocessing = 0;
		};
/* End PBXFrameworksBuildPhase section */

/* Begin PBXGroup section */
		E1303A852A8BC72A0055A37C = {
			isa = PBXGroup;
			children = (
				E1303A902A8BC72A0055A37C /* VoicySample */,
				E1303AA12A8BC72B0055A37C /* VoicySampleTests */,
				E1303AAB2A8BC72B0055A37C /* VoicySampleUITests */,
				E1303A8F2A8BC72A0055A37C /* Products */,
			);
			sourceTree = "<group>";
		};
		E1303A8F2A8BC72A0055A37C /* Products */ = {
			isa = PBXGroup;
			children = (
				E1303A8E2A8BC72A0055A37C /* VoicySample.app */,
				E1303A9E2A8BC72B0055A37C /* VoicySampleTests.xctest */,
				E1303AA82A8BC72B0055A37C /* VoicySampleUITests.xctest */,
			);
			name = Products;
			sourceTree = "<group>";
		};
		E1303A902A8BC72A0055A37C /* VoicySample */ = {
			isa = PBXGroup;
			children = (
				E1303AD52A8CD3820055A37C /* Config */,
				E1303ACA2A8BCAF50055A37C /* Resources */,
				E1303ABC2A8BC7EB0055A37C /* Widget */,
				E1303ABB2A8BC7D10055A37C /* Screen */,
				E1303A912A8BC72A0055A37C /* VoicySampleApp.swift */,
				E1303A932A8BC72A0055A37C /* ContentView.swift */,
				E1303A972A8BC72B0055A37C /* Preview Content */,
			);
			path = VoicySample;
			sourceTree = "<group>";
		};
		E1303A972A8BC72B0055A37C /* Preview Content */ = {
			isa = PBXGroup;
			children = (
				E1303A982A8BC72B0055A37C /* Preview Assets.xcassets */,
			);
			path = "Preview Content";
			sourceTree = "<group>";
		};
		E1303AA12A8BC72B0055A37C /* VoicySampleTests */ = {
			isa = PBXGroup;
			children = (
				E1303AA22A8BC72B0055A37C /* VoicySampleTests.swift */,
			);
			path = VoicySampleTests;
			sourceTree = "<group>";
		};
		E1303AAB2A8BC72B0055A37C /* VoicySampleUITests */ = {
			isa = PBXGroup;
			children = (
				E1303AAC2A8BC72B0055A37C /* VoicySampleUITests.swift */,
				E1303AAE2A8BC72B0055A37C /* VoicySampleUITestsLaunchTests.swift */,
			);
			path = VoicySampleUITests;
			sourceTree = "<group>";
		};
		E1303ABB2A8BC7D10055A37C /* Screen */ = {
			isa = PBXGroup;
			children = (
				E1303ABD2A8BC7F60055A37C /* Auth */,
			);
			path = Screen;
			sourceTree = "<group>";
		};
		E1303ABC2A8BC7EB0055A37C /* Widget */ = {
			isa = PBXGroup;
			children = (
				E1303AD02A8BCEA80055A37C /* Auth */,
			);
			path = Widget;
			sourceTree = "<group>";
		};
		E1303ABD2A8BC7F60055A37C /* Auth */ = {
			isa = PBXGroup;
			children = (
				E1303ABE2A8BC8140055A37C /* AuthView.swift */,
				E1303AC02A8BC8440055A37C /* AuthPresenter.swift */,
				E1303AC22A8BC8570055A37C /* AuthInteractor.swift */,
				E1303AC42A8BC8670055A37C /* AuthContract.swift */,
				E1303AC62A8BC8770055A37C /* AuthRouter.swift */,
				E1303AC82A8BC8890055A37C /* AuthEntity.swift */,
			);
			path = Auth;
			sourceTree = "<group>";
		};
		E1303ACA2A8BCAF50055A37C /* Resources */ = {
			isa = PBXGroup;
			children = (
				E1303A952A8BC72B0055A37C /* Assets.xcassets */,
				E1303ACB2A8BCB590055A37C /* ImageAssets.xcassets */,
				E1303ACE2A8BCB730055A37C /* ColorAssets.xcassets */,
			);
			path = Resources;
			sourceTree = "<group>";
		};
		E1303AD02A8BCEA80055A37C /* Auth */ = {
			isa = PBXGroup;
			children = (
				E1303AD32A8BCF980055A37C /* AuthButtonView.swift */,
			);
			path = Auth;
			sourceTree = "<group>";
		};
		E1303AD52A8CD3820055A37C /* Config */ = {
			isa = PBXGroup;
			children = (
				E1303AD62A8CD39A0055A37C /* Localizable.strings */,
				E1303ADA2A8CD42C0055A37C /* Localizable.swift */,
			);
			path = Config;
			sourceTree = "<group>";
		};
/* End PBXGroup section */

/* Begin PBXNativeTarget section */
		E1303A8D2A8BC72A0055A37C /* VoicySample */ = {
			isa = PBXNativeTarget;
			buildConfigurationList = E1303AB22A8BC72B0055A37C /* Build configuration list for PBXNativeTarget "VoicySample" */;
			buildPhases = (
				E1303A8A2A8BC72A0055A37C /* Sources */,
				E1303A8B2A8BC72A0055A37C /* Frameworks */,
				E1303A8C2A8BC72A0055A37C /* Resources */,
			);
			buildRules = (
			);
			dependencies = (
			);
			name = VoicySample;
			productName = VoicySample;
			productReference = E1303A8E2A8BC72A0055A37C /* VoicySample.app */;
			productType = "com.apple.product-type.application";
		};
		E1303A9D2A8BC72B0055A37C /* VoicySampleTests */ = {
			isa = PBXNativeTarget;
			buildConfigurationList = E1303AB52A8BC72B0055A37C /* Build configuration list for PBXNativeTarget "VoicySampleTests" */;
			buildPhases = (
				E1303A9A2A8BC72B0055A37C /* Sources */,
				E1303A9B2A8BC72B0055A37C /* Frameworks */,
				E1303A9C2A8BC72B0055A37C /* Resources */,
			);
			buildRules = (
			);
			dependencies = (
				E1303AA02A8BC72B0055A37C /* PBXTargetDependency */,
			);
			name = VoicySampleTests;
			productName = VoicySampleTests;
			productReference = E1303A9E2A8BC72B0055A37C /* VoicySampleTests.xctest */;
			productType = "com.apple.product-type.bundle.unit-test";
		};
		E1303AA72A8BC72B0055A37C /* VoicySampleUITests */ = {
			isa = PBXNativeTarget;
			buildConfigurationList = E1303AB82A8BC72B0055A37C /* Build configuration list for PBXNativeTarget "VoicySampleUITests" */;
			buildPhases = (
				E1303AA42A8BC72B0055A37C /* Sources */,
				E1303AA52A8BC72B0055A37C /* Frameworks */,
				E1303AA62A8BC72B0055A37C /* Resources */,
			);
			buildRules = (
			);
			dependencies = (
				E1303AAA2A8BC72B0055A37C /* PBXTargetDependency */,
			);
			name = VoicySampleUITests;
			productName = VoicySampleUITests;
			productReference = E1303AA82A8BC72B0055A37C /* VoicySampleUITests.xctest */;
			productType = "com.apple.product-type.bundle.ui-testing";
		};
/* End PBXNativeTarget section */

/* Begin PBXProject section */
		E1303A862A8BC72A0055A37C /* Project object */ = {
			isa = PBXProject;
			attributes = {
				BuildIndependentTargetsInParallel = 1;
				LastSwiftUpdateCheck = 1430;
				LastUpgradeCheck = 1430;
				TargetAttributes = {
					E1303A8D2A8BC72A0055A37C = {
						CreatedOnToolsVersion = 14.3;
					};
					E1303A9D2A8BC72B0055A37C = {
						CreatedOnToolsVersion = 14.3;
						TestTargetID = E1303A8D2A8BC72A0055A37C;
					};
					E1303AA72A8BC72B0055A37C = {
						CreatedOnToolsVersion = 14.3;
						TestTargetID = E1303A8D2A8BC72A0055A37C;
					};
				};
			};
			buildConfigurationList = E1303A892A8BC72A0055A37C /* Build configuration list for PBXProject "VoicySample" */;
			compatibilityVersion = "Xcode 14.0";
			developmentRegion = en;
			hasScannedForEncodings = 0;
			knownRegions = (
				en,
				Base,
			);
			mainGroup = E1303A852A8BC72A0055A37C;
			productRefGroup = E1303A8F2A8BC72A0055A37C /* Products */;
			projectDirPath = "";
			projectRoot = "";
			targets = (
				E1303A8D2A8BC72A0055A37C /* VoicySample */,
				E1303A9D2A8BC72B0055A37C /* VoicySampleTests */,
				E1303AA72A8BC72B0055A37C /* VoicySampleUITests */,
			);
		};
/* End PBXProject section */

/* Begin PBXResourcesBuildPhase section */
		E1303A8C2A8BC72A0055A37C /* Resources */ = {
			isa = PBXResourcesBuildPhase;
			buildActionMask = 2147483647;
			files = (
				E1303AD72A8CD39A0055A37C /* Localizable.strings in Resources */,
				E1303A992A8BC72B0055A37C /* Preview Assets.xcassets in Resources */,
				E1303A962A8BC72B0055A37C /* Assets.xcassets in Resources */,
				E1303ACF2A8BCB730055A37C /* ColorAssets.xcassets in Resources */,
				E1303ACC2A8BCB590055A37C /* ImageAssets.xcassets in Resources */,
			);
			runOnlyForDeploymentPostprocessing = 0;
		};
		E1303A9C2A8BC72B0055A37C /* Resources */ = {
			isa = PBXResourcesBuildPhase;
			buildActionMask = 2147483647;
			files = (
			);
			runOnlyForDeploymentPostprocessing = 0;
		};
		E1303AA62A8BC72B0055A37C /* Resources */ = {
			isa = PBXResourcesBuildPhase;
			buildActionMask = 2147483647;
			files = (
			);
			runOnlyForDeploymentPostprocessing = 0;
		};
/* End PBXResourcesBuildPhase section */

/* Begin PBXSourcesBuildPhase section */
		E1303A8A2A8BC72A0055A37C /* Sources */ = {
			isa = PBXSourcesBuildPhase;
			buildActionMask = 2147483647;
			files = (
				E1303AD42A8BCF980055A37C /* AuthButtonView.swift in Sources */,
				E1303AC72A8BC8770055A37C /* AuthRouter.swift in Sources */,
				E1303ADB2A8CD42C0055A37C /* Localizable.swift in Sources */,
				E1303AC12A8BC8440055A37C /* AuthPresenter.swift in Sources */,
				E1303AC92A8BC8890055A37C /* AuthEntity.swift in Sources */,
				E1303AC32A8BC8570055A37C /* AuthInteractor.swift in Sources */,
				E1303A942A8BC72A0055A37C /* ContentView.swift in Sources */,
				E1303AC52A8BC8670055A37C /* AuthContract.swift in Sources */,
				E1303A922A8BC72A0055A37C /* VoicySampleApp.swift in Sources */,
				E1303ABF2A8BC8140055A37C /* AuthView.swift in Sources */,
			);
			runOnlyForDeploymentPostprocessing = 0;
		};
		E1303A9A2A8BC72B0055A37C /* Sources */ = {
			isa = PBXSourcesBuildPhase;
			buildActionMask = 2147483647;
			files = (
				E1303AA32A8BC72B0055A37C /* VoicySampleTests.swift in Sources */,
			);
			runOnlyForDeploymentPostprocessing = 0;
		};
		E1303AA42A8BC72B0055A37C /* Sources */ = {
			isa = PBXSourcesBuildPhase;
			buildActionMask = 2147483647;
			files = (
				E1303AAD2A8BC72B0055A37C /* VoicySampleUITests.swift in Sources */,
				E1303AAF2A8BC72B0055A37C /* VoicySampleUITestsLaunchTests.swift in Sources */,
			);
			runOnlyForDeploymentPostprocessing = 0;
		};
/* End PBXSourcesBuildPhase section */

/* Begin PBXTargetDependency section */
		E1303AA02A8BC72B0055A37C /* PBXTargetDependency */ = {
			isa = PBXTargetDependency;
			target = E1303A8D2A8BC72A0055A37C /* VoicySample */;
			targetProxy = E1303A9F2A8BC72B0055A37C /* PBXContainerItemProxy */;
		};
		E1303AAA2A8BC72B0055A37C /* PBXTargetDependency */ = {
			isa = PBXTargetDependency;
			target = E1303A8D2A8BC72A0055A37C /* VoicySample */;
			targetProxy = E1303AA92A8BC72B0055A37C /* PBXContainerItemProxy */;
		};
/* End PBXTargetDependency section */

/* Begin XCBuildConfiguration section */
		E1303AB02A8BC72B0055A37C /* Debug */ = {
			isa = XCBuildConfiguration;
			buildSettings = {
				ALWAYS_SEARCH_USER_PATHS = NO;
				CLANG_ANALYZER_NONNULL = YES;
				CLANG_ANALYZER_NUMBER_OBJECT_CONVERSION = YES_AGGRESSIVE;
				CLANG_CXX_LANGUAGE_STANDARD = "gnu++20";
				CLANG_ENABLE_MODULES = YES;
				CLANG_ENABLE_OBJC_ARC = YES;
				CLANG_ENABLE_OBJC_WEAK = YES;
				CLANG_WARN_BLOCK_CAPTURE_AUTORELEASING = YES;
				CLANG_WARN_BOOL_CONVERSION = YES;
				CLANG_WARN_COMMA = YES;
				CLANG_WARN_CONSTANT_CONVERSION = YES;
				CLANG_WARN_DEPRECATED_OBJC_IMPLEMENTATIONS = YES;
				CLANG_WARN_DIRECT_OBJC_ISA_USAGE = YES_ERROR;
				CLANG_WARN_DOCUMENTATION_COMMENTS = YES;
				CLANG_WARN_EMPTY_BODY = YES;
				CLANG_WARN_ENUM_CONVERSION = YES;
				CLANG_WARN_INFINITE_RECURSION = YES;
				CLANG_WARN_INT_CONVERSION = YES;
				CLANG_WARN_NON_LITERAL_NULL_CONVERSION = YES;
				CLANG_WARN_OBJC_IMPLICIT_RETAIN_SELF = YES;
				CLANG_WARN_OBJC_LITERAL_CONVERSION = YES;
				CLANG_WARN_OBJC_ROOT_CLASS = YES_ERROR;
				CLANG_WARN_QUOTED_INCLUDE_IN_FRAMEWORK_HEADER = YES;
				CLANG_WARN_RANGE_LOOP_ANALYSIS = YES;
				CLANG_WARN_STRICT_PROTOTYPES = YES;
				CLANG_WARN_SUSPICIOUS_MOVE = YES;
				CLANG_WARN_UNGUARDED_AVAILABILITY = YES_AGGRESSIVE;
				CLANG_WARN_UNREACHABLE_CODE = YES;
				CLANG_WARN__DUPLICATE_METHOD_MATCH = YES;
				COPY_PHASE_STRIP = NO;
				DEBUG_INFORMATION_FORMAT = dwarf;
				ENABLE_STRICT_OBJC_MSGSEND = YES;
				ENABLE_TESTABILITY = YES;
				GCC_C_LANGUAGE_STANDARD = gnu11;
				GCC_DYNAMIC_NO_PIC = NO;
				GCC_NO_COMMON_BLOCKS = YES;
				GCC_OPTIMIZATION_LEVEL = 0;
				GCC_PREPROCESSOR_DEFINITIONS = (
					"DEBUG=1",
					"$(inherited)",
				);
				GCC_WARN_64_TO_32_BIT_CONVERSION = YES;
				GCC_WARN_ABOUT_RETURN_TYPE = YES_ERROR;
				GCC_WARN_UNDECLARED_SELECTOR = YES;
				GCC_WARN_UNINITIALIZED_AUTOS = YES_AGGRESSIVE;
				GCC_WARN_UNUSED_FUNCTION = YES;
				GCC_WARN_UNUSED_VARIABLE = YES;
				IPHONEOS_DEPLOYMENT_TARGET = 16.4;
				MTL_ENABLE_DEBUG_INFO = INCLUDE_SOURCE;
				MTL_FAST_MATH = YES;
				ONLY_ACTIVE_ARCH = YES;
				SDKROOT = iphoneos;
				SWIFT_ACTIVE_COMPILATION_CONDITIONS = DEBUG;
				SWIFT_OPTIMIZATION_LEVEL = "-Onone";
			};
			name = Debug;
		};
		E1303AB12A8BC72B0055A37C /* Release */ = {
			isa = XCBuildConfiguration;
			buildSettings = {
				ALWAYS_SEARCH_USER_PATHS = NO;
				CLANG_ANALYZER_NONNULL = YES;
				CLANG_ANALYZER_NUMBER_OBJECT_CONVERSION = YES_AGGRESSIVE;
				CLANG_CXX_LANGUAGE_STANDARD = "gnu++20";
				CLANG_ENABLE_MODULES = YES;
				CLANG_ENABLE_OBJC_ARC = YES;
				CLANG_ENABLE_OBJC_WEAK = YES;
				CLANG_WARN_BLOCK_CAPTURE_AUTORELEASING = YES;
				CLANG_WARN_BOOL_CONVERSION = YES;
				CLANG_WARN_COMMA = YES;
				CLANG_WARN_CONSTANT_CONVERSION = YES;
				CLANG_WARN_DEPRECATED_OBJC_IMPLEMENTATIONS = YES;
				CLANG_WARN_DIRECT_OBJC_ISA_USAGE = YES_ERROR;
				CLANG_WARN_DOCUMENTATION_COMMENTS = YES;
				CLANG_WARN_EMPTY_BODY = YES;
				CLANG_WARN_ENUM_CONVERSION = YES;
				CLANG_WARN_INFINITE_RECURSION = YES;
				CLANG_WARN_INT_CONVERSION = YES;
				CLANG_WARN_NON_LITERAL_NULL_CONVERSION = YES;
				CLANG_WARN_OBJC_IMPLICIT_RETAIN_SELF = YES;
				CLANG_WARN_OBJC_LITERAL_CONVERSION = YES;
				CLANG_WARN_OBJC_ROOT_CLASS = YES_ERROR;
				CLANG_WARN_QUOTED_INCLUDE_IN_FRAMEWORK_HEADER = YES;
				CLANG_WARN_RANGE_LOOP_ANALYSIS = YES;
				CLANG_WARN_STRICT_PROTOTYPES = YES;
				CLANG_WARN_SUSPICIOUS_MOVE = YES;
				CLANG_WARN_UNGUARDED_AVAILABILITY = YES_AGGRESSIVE;
				CLANG_WARN_UNREACHABLE_CODE = YES;
				CLANG_WARN__DUPLICATE_METHOD_MATCH = YES;
				COPY_PHASE_STRIP = NO;
				DEBUG_INFORMATION_FORMAT = "dwarf-with-dsym";
				ENABLE_NS_ASSERTIONS = NO;
				ENABLE_STRICT_OBJC_MSGSEND = YES;
				GCC_C_LANGUAGE_STANDARD = gnu11;
				GCC_NO_COMMON_BLOCKS = YES;
				GCC_WARN_64_TO_32_BIT_CONVERSION = YES;
				GCC_WARN_ABOUT_RETURN_TYPE = YES_ERROR;
				GCC_WARN_UNDECLARED_SELECTOR = YES;
				GCC_WARN_UNINITIALIZED_AUTOS = YES_AGGRESSIVE;
				GCC_WARN_UNUSED_FUNCTION = YES;
				GCC_WARN_UNUSED_VARIABLE = YES;
				IPHONEOS_DEPLOYMENT_TARGET = 16.4;
				MTL_ENABLE_DEBUG_INFO = NO;
				MTL_FAST_MATH = YES;
				SDKROOT = iphoneos;
				SWIFT_COMPILATION_MODE = wholemodule;
				SWIFT_OPTIMIZATION_LEVEL = "-O";
				VALIDATE_PRODUCT = YES;
			};
			name = Release;
		};
		E1303AB32A8BC72B0055A37C /* Debug */ = {
			isa = XCBuildConfiguration;
			buildSettings = {
				ASSETCATALOG_COMPILER_APPICON_NAME = AppIcon;
				ASSETCATALOG_COMPILER_GLOBAL_ACCENT_COLOR_NAME = AccentColor;
				CODE_SIGN_STYLE = Automatic;
				CURRENT_PROJECT_VERSION = 1;
				DEVELOPMENT_ASSET_PATHS = "\"VoicySample/Preview Content\"";
				DEVELOPMENT_TEAM = FPKDU23LZB;
				ENABLE_PREVIEWS = YES;
				GENERATE_INFOPLIST_FILE = YES;
				INFOPLIST_KEY_UIApplicationSceneManifest_Generation = YES;
				INFOPLIST_KEY_UIApplicationSupportsIndirectInputEvents = YES;
				INFOPLIST_KEY_UILaunchScreen_Generation = YES;
				INFOPLIST_KEY_UISupportedInterfaceOrientations_iPad = "UIInterfaceOrientationPortrait UIInterfaceOrientationPortraitUpsideDown UIInterfaceOrientationLandscapeLeft UIInterfaceOrientationLandscapeRight";
				INFOPLIST_KEY_UISupportedInterfaceOrientations_iPhone = "UIInterfaceOrientationPortrait UIInterfaceOrientationLandscapeLeft UIInterfaceOrientationLandscapeRight";
				LD_RUNPATH_SEARCH_PATHS = (
					"$(inherited)",
					"@executable_path/Frameworks",
				);
				MARKETING_VERSION = 1.0;
				PRODUCT_BUNDLE_IDENTIFIER = jp.voicy.sample.VoicySample;
				PRODUCT_NAME = "$(TARGET_NAME)";
				SWIFT_EMIT_LOC_STRINGS = YES;
				SWIFT_VERSION = 5.0;
				TARGETED_DEVICE_FAMILY = "1,2";
			};
			name = Debug;
		};
		E1303AB42A8BC72B0055A37C /* Release */ = {
			isa = XCBuildConfiguration;
			buildSettings = {
				ASSETCATALOG_COMPILER_APPICON_NAME = AppIcon;
				ASSETCATALOG_COMPILER_GLOBAL_ACCENT_COLOR_NAME = AccentColor;
				CODE_SIGN_STYLE = Automatic;
				CURRENT_PROJECT_VERSION = 1;
				DEVELOPMENT_ASSET_PATHS = "\"VoicySample/Preview Content\"";
				DEVELOPMENT_TEAM = FPKDU23LZB;
				ENABLE_PREVIEWS = YES;
				GENERATE_INFOPLIST_FILE = YES;
				INFOPLIST_KEY_UIApplicationSceneManifest_Generation = YES;
				INFOPLIST_KEY_UIApplicationSupportsIndirectInputEvents = YES;
				INFOPLIST_KEY_UILaunchScreen_Generation = YES;
				INFOPLIST_KEY_UISupportedInterfaceOrientations_iPad = "UIInterfaceOrientationPortrait UIInterfaceOrientationPortraitUpsideDown UIInterfaceOrientationLandscapeLeft UIInterfaceOrientationLandscapeRight";
				INFOPLIST_KEY_UISupportedInterfaceOrientations_iPhone = "UIInterfaceOrientationPortrait UIInterfaceOrientationLandscapeLeft UIInterfaceOrientationLandscapeRight";
				LD_RUNPATH_SEARCH_PATHS = (
					"$(inherited)",
					"@executable_path/Frameworks",
				);
				MARKETING_VERSION = 1.0;
				PRODUCT_BUNDLE_IDENTIFIER = jp.voicy.sample.VoicySample;
				PRODUCT_NAME = "$(TARGET_NAME)";
				SWIFT_EMIT_LOC_STRINGS = YES;
				SWIFT_VERSION = 5.0;
				TARGETED_DEVICE_FAMILY = "1,2";
			};
			name = Release;
		};
		E1303AB62A8BC72B0055A37C /* Debug */ = {
			isa = XCBuildConfiguration;
			buildSettings = {
				ALWAYS_EMBED_SWIFT_STANDARD_LIBRARIES = YES;
				BUNDLE_LOADER = "$(TEST_HOST)";
				CODE_SIGN_STYLE = Automatic;
				CURRENT_PROJECT_VERSION = 1;
				DEVELOPMENT_TEAM = FPKDU23LZB;
				GENERATE_INFOPLIST_FILE = YES;
				IPHONEOS_DEPLOYMENT_TARGET = 16.4;
				MARKETING_VERSION = 1.0;
				PRODUCT_BUNDLE_IDENTIFIER = jp.voicy.sample.VoicySampleTests;
				PRODUCT_NAME = "$(TARGET_NAME)";
				SWIFT_EMIT_LOC_STRINGS = NO;
				SWIFT_VERSION = 5.0;
				TARGETED_DEVICE_FAMILY = "1,2";
				TEST_HOST = "$(BUILT_PRODUCTS_DIR)/VoicySample.app/$(BUNDLE_EXECUTABLE_FOLDER_PATH)/VoicySample";
			};
			name = Debug;
		};
		E1303AB72A8BC72B0055A37C /* Release */ = {
			isa = XCBuildConfiguration;
			buildSettings = {
				ALWAYS_EMBED_SWIFT_STANDARD_LIBRARIES = YES;
				BUNDLE_LOADER = "$(TEST_HOST)";
				CODE_SIGN_STYLE = Automatic;
				CURRENT_PROJECT_VERSION = 1;
				DEVELOPMENT_TEAM = FPKDU23LZB;
				GENERATE_INFOPLIST_FILE = YES;
				IPHONEOS_DEPLOYMENT_TARGET = 16.4;
				MARKETING_VERSION = 1.0;
				PRODUCT_BUNDLE_IDENTIFIER = jp.voicy.sample.VoicySampleTests;
				PRODUCT_NAME = "$(TARGET_NAME)";
				SWIFT_EMIT_LOC_STRINGS = NO;
				SWIFT_VERSION = 5.0;
				TARGETED_DEVICE_FAMILY = "1,2";
				TEST_HOST = "$(BUILT_PRODUCTS_DIR)/VoicySample.app/$(BUNDLE_EXECUTABLE_FOLDER_PATH)/VoicySample";
			};
			name = Release;
		};
		E1303AB92A8BC72B0055A37C /* Debug */ = {
			isa = XCBuildConfiguration;
			buildSettings = {
				ALWAYS_EMBED_SWIFT_STANDARD_LIBRARIES = YES;
				CODE_SIGN_STYLE = Automatic;
				CURRENT_PROJECT_VERSION = 1;
				DEVELOPMENT_TEAM = FPKDU23LZB;
				GENERATE_INFOPLIST_FILE = YES;
				MARKETING_VERSION = 1.0;
				PRODUCT_BUNDLE_IDENTIFIER = jp.voicy.sample.VoicySampleUITests;
				PRODUCT_NAME = "$(TARGET_NAME)";
				SWIFT_EMIT_LOC_STRINGS = NO;
				SWIFT_VERSION = 5.0;
				TARGETED_DEVICE_FAMILY = "1,2";
				TEST_TARGET_NAME = VoicySample;
			};
			name = Debug;
		};
		E1303ABA2A8BC72B0055A37C /* Release */ = {
			isa = XCBuildConfiguration;
			buildSettings = {
				ALWAYS_EMBED_SWIFT_STANDARD_LIBRARIES = YES;
				CODE_SIGN_STYLE = Automatic;
				CURRENT_PROJECT_VERSION = 1;
				DEVELOPMENT_TEAM = FPKDU23LZB;
				GENERATE_INFOPLIST_FILE = YES;
				MARKETING_VERSION = 1.0;
				PRODUCT_BUNDLE_IDENTIFIER = jp.voicy.sample.VoicySampleUITests;
				PRODUCT_NAME = "$(TARGET_NAME)";
				SWIFT_EMIT_LOC_STRINGS = NO;
				SWIFT_VERSION = 5.0;
				TARGETED_DEVICE_FAMILY = "1,2";
				TEST_TARGET_NAME = VoicySample;
			};
			name = Release;
		};
/* End XCBuildConfiguration section */

/* Begin XCConfigurationList section */
		E1303A892A8BC72A0055A37C /* Build configuration list for PBXProject "VoicySample" */ = {
			isa = XCConfigurationList;
			buildConfigurations = (
				E1303AB02A8BC72B0055A37C /* Debug */,
				E1303AB12A8BC72B0055A37C /* Release */,
			);
			defaultConfigurationIsVisible = 0;
			defaultConfigurationName = Release;
		};
		E1303AB22A8BC72B0055A37C /* Build configuration list for PBXNativeTarget "VoicySample" */ = {
			isa = XCConfigurationList;
			buildConfigurations = (
				E1303AB32A8BC72B0055A37C /* Debug */,
				E1303AB42A8BC72B0055A37C /* Release */,
			);
			defaultConfigurationIsVisible = 0;
			defaultConfigurationName = Release;
		};
		E1303AB52A8BC72B0055A37C /* Build configuration list for PBXNativeTarget "VoicySampleTests" */ = {
			isa = XCConfigurationList;
			buildConfigurations = (
				E1303AB62A8BC72B0055A37C /* Debug */,
				E1303AB72A8BC72B0055A37C /* Release */,
			);
			defaultConfigurationIsVisible = 0;
			defaultConfigurationName = Release;
		};
		E1303AB82A8BC72B0055A37C /* Build configuration list for PBXNativeTarget "VoicySampleUITests" */ = {
			isa = XCConfigurationList;
			buildConfigurations = (
				E1303AB92A8BC72B0055A37C /* Debug */,
				E1303ABA2A8BC72B0055A37C /* Release */,
			);
			defaultConfigurationIsVisible = 0;
			defaultConfigurationName = Release;
		};
/* End XCConfigurationList section */
	};
	rootObject = E1303A862A8BC72A0055A37C /* Project object */;
}
